
Microsoft Visual Studio Solution File, Format Version 12.00
# Visual Studio Version 16
VisualStudioVersion = 16.0.30804.86
MinimumVisualStudioVersion = 10.0.40219.1
Project("{F2A71F9B-5D33-465A-A702-920D77279786}") = "MLTest", "MLTest\MLTest.fsproj", "{09B7E21B-9039-4580-A2F1-058EC37BF70E}"
EndProject
Global
	GlobalSection(SolutionConfigurationPlatforms) = preSolution
		Debug|Any CPU = Debug|Any CPU
		Release|Any CPU = Release|Any CPU
	EndGlobalSection
	GlobalSection(ProjectConfigurationPlatforms) = postSolution
		{09B7E21B-9039-4580-A2F1-058EC37BF70E}.Debug|Any CPU.ActiveCfg = Debug|Any CPU
		{09B7E21B-9039-4580-A2F1-058EC37BF70E}.Debug|Any CPU.Build.0 = Debug|Any CPU
		{09B7E21B-9039-4580-A2F1-058EC37BF70E}.Release|Any CPU.ActiveCfg = Release|Any CPU
		{09B7E21B-9039-4580-A2F1-058EC37BF70E}.Release|Any CPU.Build.0 = Release|Any CPU
	EndGlobalSection
	GlobalSection(SolutionProperties) = preSolution
		HideSolutionNode = FALSE
	EndGlobalSection
	GlobalSection(ExtensibilityGlobals) = postSolution
		SolutionGuid = {B3C47DF7-F0F5-4C7F-92CE-F37C5390E799}
	EndGlobalSection
EndGlobal
